// !$*UTF8*$!
{
	archiveVersion = 1;
	classes = {
	};
	objectVersion = 46;
	objects = {

/* Begin PBXBuildFile section */
		2B74665F1AC017B90052D6F3 /* main.m in Sources */ = {isa = PBXBuildFile; fileRef = 2B74665E1AC017B90052D6F3 /* main.m */; };
		2B7466621AC017B90052D6F3 /* AppDelegate.m in Sources */ = {isa = PBXBuildFile; fileRef = 2B7466611AC017B90052D6F3 /* AppDelegate.m */; };
		2B7466651AC017B90052D6F3 /* ViewController.m in Sources */ = {isa = PBXBuildFile; fileRef = 2B7466641AC017B90052D6F3 /* ViewController.m */; };
		2B7466681AC017B90052D6F3 /* Main.storyboard in Resources */ = {isa = PBXBuildFile; fileRef = 2B7466661AC017B90052D6F3 /* Main.storyboard */; };
		2B74666A1AC017B90052D6F3 /* Images.xcassets in Resources */ = {isa = PBXBuildFile; fileRef = 2B7466691AC017B90052D6F3 /* Images.xcassets */; };
		2B74666D1AC017B90052D6F3 /* LaunchScreen.xib in Resources */ = {isa = PBXBuildFile; fileRef = 2B74666B1AC017B90052D6F3 /* LaunchScreen.xib */; };
		2B7466791AC017B90052D6F3 /* demoTests.m in Sources */ = {isa = PBXBuildFile; fileRef = 2B7466781AC017B90052D6F3 /* demoTests.m */; };
		2B7466831AC01A4A0052D6F3 /* Flower-2.jpg in Resources */ = {isa = PBXBuildFile; fileRef = 2B7466821AC01A4A0052D6F3 /* Flower-2.jpg */; };
		2B7466851AC01BED0052D6F3 /* cartoon-penguin-vector-1793556.jpg in Resources */ = {isa = PBXBuildFile; fileRef = 2B7466841AC01BEC0052D6F3 /* cartoon-penguin-vector-1793556.jpg */; };
/* End PBXBuildFile section */

/* Begin PBXContainerItemProxy section */
		2B7466731AC017B90052D6F3 /* PBXContainerItemProxy */ = {
			isa = PBXContainerItemProxy;
			containerPortal = 2B7466511AC017B90052D6F3 /* Project object */;
			proxyType = 1;
			remoteGlobalIDString = 2B7466581AC017B90052D6F3;
			remoteInfo = demo;
		};
/* End PBXContainerItemProxy section */

/* Begin PBXFileReference section */
		2B7466591AC017B90052D6F3 /* demo.app */ = {isa = PBXFileReference; explicitFileType = wrapper.application; includeInIndex = 0; path = demo.app; sourceTree = BUILT_PRODUCTS_DIR; };
		2B74665D1AC017B90052D6F3 /* Info.plist */ = {isa = PBXFileReference; lastKnownFileType = text.plist.xml; path = Info.plist; sourceTree = "<group>"; };
		2B74665E1AC017B90052D6F3 /* main.m */ = {isa = PBXFileReference; lastKnownFileType = sourcecode.c.objc; path = main.m; sourceTree = "<group>"; };
		2B7466601AC017B90052D6F3 /* AppDelegate.h */ = {isa = PBXFileReference; lastKnownFileType = sourcecode.c.h; path = AppDelegate.h; sourceTree = "<group>"; };
		2B7466611AC017B90052D6F3 /* AppDelegate.m */ = {isa = PBXFileReference; lastKnownFileType = sourcecode.c.objc; path = AppDelegate.m; sourceTree = "<group>"; };
		2B7466631AC017B90052D6F3 /* ViewController.h */ = {isa = PBXFileReference; lastKnownFileType = sourcecode.c.h; path = ViewController.h; sourceTree = "<group>"; };
		2B7466641AC017B90052D6F3 /* ViewController.m */ = {isa = PBXFileReference; lastKnownFileType = sourcecode.c.objc; path = ViewController.m; sourceTree = "<group>"; };
		2B7466671AC017B90052D6F3 /* Base */ = {isa = PBXFileReference; lastKnownFileType = file.storyboard; name = Base; path = Base.lproj/Main.storyboard; sourceTree = "<group>"; };
		2B7466691AC017B90052D6F3 /* Images.xcassets */ = {isa = PBXFileReference; lastKnownFileType = folder.assetcatalog; path = Images.xcassets; sourceTree = "<group>"; };
		2B74666C1AC017B90052D6F3 /* Base */ = {isa = PBXFileReference; lastKnownFileType = file.xib; name = Base; path = Base.lproj/LaunchScreen.xib; sourceTree = "<group>"; };
		2B7466721AC017B90052D6F3 /* demoTests.xctest */ = {isa = PBXFileReference; explicitFileType = wrapper.cfbundle; includeInIndex = 0; path = demoTests.xctest; sourceTree = BUILT_PRODUCTS_DIR; };
		2B7466771AC017B90052D6F3 /* Info.plist */ = {isa = PBXFileReference; lastKnownFileType = text.plist.xml; path = Info.plist; sourceTree = "<group>"; };
		2B7466781AC017B90052D6F3 /* demoTests.m */ = {isa = PBXFileReference; lastKnownFileType = sourcecode.c.objc; path = demoTests.m; sourceTree = "<group>"; };
		2B7466821AC01A4A0052D6F3 /* Flower-2.jpg */ = {isa = PBXFileReference; lastKnownFileType = image.jpeg; path = "Flower-2.jpg"; sourceTree = "<group>"; };
		2B7466841AC01BEC0052D6F3 /* cartoon-penguin-vector-1793556.jpg */ = {isa = PBXFileReference; lastKnownFileType = image.jpeg; path = "cartoon-penguin-vector-1793556.jpg"; sourceTree = "<group>"; };
/* End PBXFileReference section */

/* Begin PBXFrameworksBuildPhase section */
		2B7466561AC017B90052D6F3 /* Frameworks */ = {
			isa = PBXFrameworksBuildPhase;
			buildActionMask = 2147483647;
			files = (
			);
			runOnlyForDeploymentPostprocessing = 0;
		};
		2B74666F1AC017B90052D6F3 /* Frameworks */ = {
			isa = PBXFrameworksBuildPhase;
			buildActionMask = 2147483647;
			files = (
			);
			runOnlyForDeploymentPostprocessing = 0;
		};
/* End PBXFrameworksBuildPhase section */

/* Begin PBXGroup section */
		2B7466501AC017B90052D6F3 = {
			isa = PBXGroup;
			children = (
				2B74665B1AC017B90052D6F3 /* demo */,
				2B7466751AC017B90052D6F3 /* demoTests */,
				2B74665A1AC017B90052D6F3 /* Products */,
			);
			sourceTree = "<group>";
		};
		2B74665A1AC017B90052D6F3 /* Products */ = {
			isa = PBXGroup;
			children = (
				2B7466591AC017B90052D6F3 /* demo.app */,
				2B7466721AC017B90052D6F3 /* demoTests.xctest */,
			);
			name = Products;
			sourceTree = "<group>";
		};
		2B74665B1AC017B90052D6F3 /* demo */ = {
			isa = PBXGroup;
			children = (
				2B7466821AC01A4A0052D6F3 /* Flower-2.jpg */,
				2B7466841AC01BEC0052D6F3 /* cartoon-penguin-vector-1793556.jpg */,
				2B7466601AC017B90052D6F3 /* AppDelegate.h */,
				2B7466611AC017B90052D6F3 /* AppDelegate.m */,
				2B7466631AC017B90052D6F3 /* ViewController.h */,
				2B7466641AC017B90052D6F3 /* ViewController.m */,
				2B7466661AC017B90052D6F3 /* Main.storyboard */,
				2B7466691AC017B90052D6F3 /* Images.xcassets */,
				2B74666B1AC017B90052D6F3 /* LaunchScreen.xib */,
				2B74665C1AC017B90052D6F3 /* Supporting Files */,
			);
			path = demo;
			sourceTree = "<group>";
		};
		2B74665C1AC017B90052D6F3 /* Supporting Files */ = {
			isa = PBXGroup;
			children = (
				2B74665D1AC017B90052D6F3 /* Info.plist */,
				2B74665E1AC017B90052D6F3 /* main.m */,
			);
			name = "Supporting Files";
			sourceTree = "<group>";
		};
		2B7466751AC017B90052D6F3 /* demoTests */ = {
			isa = PBXGroup;
			children = (
				2B7466781AC017B90052D6F3 /* demoTests.m */,
				2B7466761AC017B90052D6F3 /* Supporting Files */,
			);
			path = demoTests;
			sourceTree = "<group>";
		};
		2B7466761AC017B90052D6F3 /* Supporting Files */ = {
			isa = PBXGroup;
			children = (
				2B7466771AC017B90052D6F3 /* Info.plist */,
			);
			name = "Supporting Files";
			sourceTree = "<group>";
		};
/* End PBXGroup section */

/* Begin PBXNativeTarget section */
		2B7466581AC017B90052D6F3 /* demo */ = {
			isa = PBXNativeTarget;
			buildConfigurationList = 2B74667C1AC017B90052D6F3 /* Build configuration list for PBXNativeTarget "demo" */;
			buildPhases = (
				2B7466551AC017B90052D6F3 /* Sources */,
				2B7466561AC017B90052D6F3 /* Frameworks */,
				2B7466571AC017B90052D6F3 /* Resources */,
			);
			buildRules = (
			);
			dependencies = (
			);
			name = demo;
			productName = demo;
			productReference = 2B7466591AC017B90052D6F3 /* demo.app */;
			productType = "com.apple.product-type.application";
		};
		2B7466711AC017B90052D6F3 /* demoTests */ = {
			isa = PBXNativeTarget;
			buildConfigurationList = 2B74667F1AC017B90052D6F3 /* Build configuration list for PBXNativeTarget "demoTests" */;
			buildPhases = (
				2B74666E1AC017B90052D6F3 /* Sources */,
				2B74666F1AC017B90052D6F3 /* Frameworks */,
				2B7466701AC017B90052D6F3 /* Resources */,
			);
			buildRules = (
			);
			dependencies = (
				2B7466741AC017B90052D6F3 /* PBXTargetDependency */,
			);
			name = demoTests;
			productName = demoTests;
			productReference = 2B7466721AC017B90052D6F3 /* demoTests.xctest */;
			productType = "com.apple.product-type.bundle.unit-test";
		};
/* End PBXNativeTarget section */

/* Begin PBXProject section */
		2B7466511AC017B90052D6F3 /* Project object */ = {
			isa = PBXProject;
			attributes = {
				LastUpgradeCheck = 0610;
				ORGANIZATIONNAME = test;
				TargetAttributes = {
					2B7466581AC017B90052D6F3 = {
						CreatedOnToolsVersion = 6.1;
					};
					2B7466711AC017B90052D6F3 = {
						CreatedOnToolsVersion = 6.1;
						TestTargetID = 2B7466581AC017B90052D6F3;
					};
				};
			};
			buildConfigurationList = 2B7466541AC017B90052D6F3 /* Build configuration list for PBXProject "demo" */;
			compatibilityVersion = "Xcode 3.2";
			developmentRegion = English;
			hasScannedForEncodings = 0;
			knownRegions = (
				en,
				Base,
			);
			mainGroup = 2B7466501AC017B90052D6F3;
			productRefGroup = 2B74665A1AC017B90052D6F3 /* Products */;
			projectDirPath = "";
			projectRoot = "";
			targets = (
				2B7466581AC017B90052D6F3 /* demo */,
				2B7466711AC017B90052D6F3 /* demoTests */,
			);
		};
/* End PBXProject section */

/* Begin PBXResourcesBuildPhase section */
		2B7466571AC017B90052D6F3 /* Resources */ = {
			isa = PBXResourcesBuildPhase;
			buildActionMask = 2147483647;
			files = (
				2B7466851AC01BED0052D6F3 /* cartoon-penguin-vector-1793556.jpg in Resources */,
				2B7466681AC017B90052D6F3 /* Main.storyboard in Resources */,
				2B7466831AC01A4A0052D6F3 /* Flower-2.jpg in Resources */,
				2B74666D1AC017B90052D6F3 /* LaunchScreen.xib in Resources */,
				2B74666A1AC017B90052D6F3 /* Images.xcassets in Resources */,
			);
			runOnlyForDeploymentPostprocessing = 0;
		};
		2B7466701AC017B90052D6F3 /* Resources */ = {
			isa = PBXResourcesBuildPhase;
			buildActionMask = 2147483647;
			files = (
			);
			runOnlyForDeploymentPostprocessing = 0;
		};
/* End PBXResourcesBuildPhase section */

/* Begin PBXSourcesBuildPhase section */
		2B7466551AC017B90052D6F3 /* Sources */ = {
			isa = PBXSourcesBuildPhase;
			buildActionMask = 2147483647;
			files = (
				2B7466651AC017B90052D6F3 /* ViewController.m in Sources */,
				2B7466621AC017B90052D6F3 /* AppDelegate.m in Sources */,
				2B74665F1AC017B90052D6F3 /* main.m in Sources */,
			);
			runOnlyForDeploymentPostprocessing = 0;
		};
		2B74666E1AC017B90052D6F3 /* Sources */ = {
			isa = PBXSourcesBuildPhase;
			buildActionMask = 2147483647;
			files = (
				2B7466791AC017B90052D6F3 /* demoTests.m in Sources */,
			);
			runOnlyForDeploymentPostprocessing = 0;
		};
/* End PBXSourcesBuildPhase section */

/* Begin PBXTargetDependency section */
		2B7466741AC017B90052D6F3 /* PBXTargetDependency */ = {
			isa = PBXTargetDependency;
			target = 2B7466581AC017B90052D6F3 /* demo */;
			targetProxy = 2B7466731AC017B90052D6F3 /* PBXContainerItemProxy */;
		};
/* End PBXTargetDependency section */

/* Begin PBXVariantGroup section */
		2B7466661AC017B90052D6F3 /* Main.storyboard */ = {
			isa = PBXVariantGroup;
			children = (
				2B7466671AC017B90052D6F3 /* Base */,
			);
			name = Main.storyboard;
			sourceTree = "<group>";
		};
		2B74666B1AC017B90052D6F3 /* LaunchScreen.xib */ = {
			isa = PBXVariantGroup;
			children = (
				2B74666C1AC017B90052D6F3 /* Base */,
			);
			name = LaunchScreen.xib;
			sourceTree = "<group>";
		};
/* End PBXVariantGroup section */

/* Begin XCBuildConfiguration section */
		2B74667A1AC017B90052D6F3 /* Debug */ = {
			isa = XCBuildConfiguration;
			buildSettings = {
				ALWAYS_SEARCH_USER_PATHS = NO;
				CLANG_CXX_LANGUAGE_STANDARD = "gnu++0x";
				CLANG_CXX_LIBRARY = "libc++";
				CLANG_ENABLE_MODULES = YES;
				CLANG_ENABLE_OBJC_ARC = YES;
				CLANG_WARN_BOOL_CONVERSION = YES;
				CLANG_WARN_CONSTANT_CONVERSION = YES;
				CLANG_WARN_DIRECT_OBJC_ISA_USAGE = YES_ERROR;
				CLANG_WARN_EMPTY_BODY = YES;
				CLANG_WARN_ENUM_CONVERSION = YES;
				CLANG_WARN_INT_CONVERSION = YES;
				CLANG_WARN_OBJC_ROOT_CLASS = YES_ERROR;
				CLANG_WARN_UNREACHABLE_CODE = YES;
				CLANG_WARN__DUPLICATE_METHOD_MATCH = YES;
				"CODE_SIGN_IDENTITY[sdk=iphoneos*]" = "iPhone Developer";
				COPY_PHASE_STRIP = NO;
				ENABLE_STRICT_OBJC_MSGSEND = YES;
				GCC_C_LANGUAGE_STANDARD = gnu99;
				GCC_DYNAMIC_NO_PIC = NO;
				GCC_OPTIMIZATION_LEVEL = 0;
				GCC_PREPROCESSOR_DEFINITIONS = (
					"DEBUG=1",
					"$(inherited)",
				);
				GCC_SYMBOLS_PRIVATE_EXTERN = NO;
				GCC_WARN_64_TO_32_BIT_CONVERSION = YES;
				GCC_WARN_ABOUT_RETURN_TYPE = YES_ERROR;
				GCC_WARN_UNDECLARED_SELECTOR = YES;
				GCC_WARN_UNINITIALIZED_AUTOS = YES_AGGRESSIVE;
				GCC_WARN_UNUSED_FUNCTION = YES;
				GCC_WARN_UNUSED_VARIABLE = YES;
				IPHONEOS_DEPLOYMENT_TARGET = 8.1;
				MTL_ENABLE_DEBUG_INFO = YES;
				ONLY_ACTIVE_ARCH = YES;
				SDKROOT = iphoneos;
			};
			name = Debug;
		};
		2B74667B1AC017B90052D6F3 /* Release */ = {
			isa = XCBuildConfiguration;
			buildSettings = {
				ALWAYS_SEARCH_USER_PATHS = NO;
				CLANG_CXX_LANGUAGE_STANDARD = "gnu++0x";
				CLANG_CXX_LIBRARY = "libc++";
				CLANG_ENABLE_MODULES = YES;
				CLANG_ENABLE_OBJC_ARC = YES;
				CLANG_WARN_BOOL_CONVERSION = YES;
				CLANG_WARN_CONSTANT_CONVERSION = YES;
				CLANG_WARN_DIRECT_OBJC_ISA_USAGE = YES_ERROR;
				CLANG_WARN_EMPTY_BODY = YES;
				CLANG_WARN_ENUM_CONVERSION = YES;
				CLANG_WARN_INT_CONVERSION = YES;
				CLANG_WARN_OBJC_ROOT_CLASS = YES_ERROR;
				CLANG_WARN_UNREACHABLE_CODE = YES;
				CLANG_WARN__DUPLICATE_METHOD_MATCH = YES;
				"CODE_SIGN_IDENTITY[sdk=iphoneos*]" = "iPhone Developer";
				COPY_PHASE_STRIP = YES;
				ENABLE_NS_ASSERTIONS = NO;
				ENABLE_STRICT_OBJC_MSGSEND = YES;
				GCC_C_LANGUAGE_STANDARD = gnu99;
				GCC_WARN_64_TO_32_BIT_CONVERSION = YES;
				GCC_WARN_ABOUT_RETURN_TYPE = YES_ERROR;
				GCC_WARN_UNDECLARED_SELECTOR = YES;
				GCC_WARN_UNINITIALIZED_AUTOS = YES_AGGRESSIVE;
				GCC_WARN_UNUSED_FUNCTION = YES;
				GCC_WARN_UNUSED_VARIABLE = YES;
				IPHONEOS_DEPLOYMENT_TARGET = 8.1;
				MTL_ENABLE_DEBUG_INFO = NO;
				SDKROOT = iphoneos;
				VALIDATE_PRODUCT = YES;
			};
			name = Release;
		};
		2B74667D1AC017B90052D6F3 /* Debug */ = {
			isa = XCBuildConfiguration;
			buildSettings = {
				ASSETCATALOG_COMPILER_APPICON_NAME = AppIcon;
				INFOPLIST_FILE = demo/Info.plist;
				LD_RUNPATH_SEARCH_PATHS = "$(inherited) @executable_path/Frameworks";
				PRODUCT_NAME = "$(TARGET_NAME)";
			};
			name = Debug;
		};
		2B74667E1AC017B90052D6F3 /* Release */ = {
			isa = XCBuildConfiguration;
			buildSettings = {
				ASSETCATALOG_COMPILER_APPICON_NAME = AppIcon;
				INFOPLIST_FILE = demo/Info.plist;
				LD_RUNPATH_SEARCH_PATHS = "$(inherited) @executable_path/Frameworks";
				PRODUCT_NAME = "$(TARGET_NAME)";
			};
			name = Release;
		};
		2B7466801AC017B90052D6F3 /* Debug */ = {
			isa = XCBuildConfiguration;
			buildSettings = {
				BUNDLE_LOADER = "$(TEST_HOST)";
				FRAMEWORK_SEARCH_PATHS = (
					"$(SDKROOT)/Developer/Library/Frameworks",
					"$(inherited)",
				);
				GCC_PREPROCESSOR_DEFINITIONS = (
					"DEBUG=1",
					"$(inherited)",
				);
				INFOPLIST_FILE = demoTests/Info.plist;
				LD_RUNPATH_SEARCH_PATHS = "$(inherited) @executable_path/Frameworks @loader_path/Frameworks";
				PRODUCT_NAME = "$(TARGET_NAME)";
				TEST_HOST = "$(BUILT_PRODUCTS_DIR)/demo.app/demo";
			};
			name = Debug;
		};
		2B7466811AC017B90052D6F3 /* Release */ = {
			isa = XCBuildConfiguration;
			buildSettings = {
				BUNDLE_LOADER = "$(TEST_HOST)";
				FRAMEWORK_SEARCH_PATHS = (
					"$(SDKROOT)/Developer/Library/Frameworks",
					"$(inherited)",
				);
				INFOPLIST_FILE = demoTests/Info.plist;
				LD_RUNPATH_SEARCH_PATHS = "$(inherited) @executable_path/Frameworks @loader_path/Frameworks";
				PRODUCT_NAME = "$(TARGET_NAME)";
				TEST_HOST = "$(BUILT_PRODUCTS_DIR)/demo.app/demo";
			};
			name = Release;
		};
/* End XCBuildConfiguration section */

/* Begin XCConfigurationList section */
		2B7466541AC017B90052D6F3 /* Build configuration list for PBXProject "demo" */ = {
			isa = XCConfigurationList;
			buildConfigurations = (
				2B74667A1AC017B90052D6F3 /* Debug */,
				2B74667B1AC017B90052D6F3 /* Release */,
			);
			defaultConfigurationIsVisible = 0;
			defaultConfigurationName = Release;
		};
		2B74667C1AC017B90052D6F3 /* Build configuration list for PBXNativeTarget "demo" */ = {
			isa = XCConfigurationList;
			buildConfigurations = (
				2B74667D1AC017B90052D6F3 /* Debug */,
				2B74667E1AC017B90052D6F3 /* Release */,
			);
			defaultConfigurationIsVisible = 0;
		};
		2B74667F1AC017B90052D6F3 /* Build configuration list for PBXNativeTarget "demoTests" */ = {
			isa = XCConfigurationList;
			buildConfigurations = (
				2B7466801AC017B90052D6F3 /* Debug */,
				2B7466811AC017B90052D6F3 /* Release */,
			);
			defaultConfigurationIsVisible = 0;
		};
/* End XCConfigurationList section */
	};
	rootObject = 2B7466511AC017B90052D6F3 /* Project object */;
}
